
Microsoft Visual Studio Solution File, Format Version 12.00
# Visual Studio Version 17
VisualStudioVersion = 17.1.32328.378
MinimumVisualStudioVersion = 10.0.40219.1
Project("{FAE04EC0-301F-11D3-BF4B-00C04F79EFBC}") = "Diplom", "Diplom\Diplom.csproj", "{C97E49D7-5737-44CD-9584-D2AAE4D0D15B}"
EndProject
Global
	GlobalSection(SolutionConfigurationPlatforms) = preSolution
		Debug|Any CPU = Debug|Any CPU
		Release|Any CPU = Release|Any CPU
	EndGlobalSection
	GlobalSection(ProjectConfigurationPlatforms) = postSolution
		{C97E49D7-5737-44CD-9584-D2AAE4D0D15B}.Debug|Any CPU.ActiveCfg = Debug|Any CPU
		{C97E49D7-5737-44CD-9584-D2AAE4D0D15B}.Debug|Any CPU.Build.0 = Debug|Any CPU
		{C97E49D7-5737-44CD-9584-D2AAE4D0D15B}.Release|Any CPU.ActiveCfg = Release|Any CPU
		{C97E49D7-5737-44CD-9584-D2AAE4D0D15B}.Release|Any CPU.Build.0 = Release|Any CPU
	EndGlobalSection
	GlobalSection(SolutionProperties) = preSolution
		HideSolutionNode = FALSE
	EndGlobalSection
	GlobalSection(ExtensibilityGlobals) = postSolution
		SolutionGuid = {B9666694-1546-4B6D-9B26-01E2A5B47E6E}
	EndGlobalSection
EndGlobal
